// !$*UTF8*$!
{
	archiveVersion = 1;
	classes = {
	};
	objectVersion = 77;
	objects = {

/* Begin PBXBuildFile section */
		F20000000001 /* GlassWorkaround.swift in Sources */ = {isa = PBXBuildFile; fileRef = F30000000001 /* GlassWorkaround.swift */; };
		E10000000001 /* OAuthModels.swift in Sources */ = {isa = PBXBuildFile; fileRef = D10000000001 /* OAuthModels.swift */; };
		E10000000010 /* ClaudeAuthReader.swift in Sources */ = {isa = PBXBuildFile; fileRef = D10000000010 /* ClaudeAuthReader.swift */; };
		E10000000005 /* ClaudeUsageClient.swift in Sources */ = {isa = PBXBuildFile; fileRef = D10000000005 /* ClaudeUsageClient.swift */; };
		E10000000007 /* ClaudeUsageMonitor.swift in Sources */ = {isa = PBXBuildFile; fileRef = D10000000007 /* ClaudeUsageMonitor.swift */; };
		E10000000008 /* ClaudeUsageSection.swift in Sources */ = {isa = PBXBuildFile; fileRef = D10000000008 /* ClaudeUsageSection.swift */; };
		A10000000001 /* TimeSeriesModels.swift in Sources */ = {isa = PBXBuildFile; fileRef = B10000000001 /* TimeSeriesModels.swift */; };
		A10000000002 /* DashboardViewModel.swift in Sources */ = {isa = PBXBuildFile; fileRef = B10000000002 /* DashboardViewModel.swift */; };
		A10000000003 /* DashboardToolbar.swift in Sources */ = {isa = PBXBuildFile; fileRef = B10000000003 /* DashboardToolbar.swift */; };
		A10000000004 /* ChartPanel.swift in Sources */ = {isa = PBXBuildFile; fileRef = B10000000004 /* ChartPanel.swift */; };
		A10000000005 /* StatCard.swift in Sources */ = {isa = PBXBuildFile; fileRef = B10000000005 /* StatCard.swift */; };
		A10000000006 /* TokenUsageChart.swift in Sources */ = {isa = PBXBuildFile; fileRef = B10000000006 /* TokenUsageChart.swift */; };
		A10000000007 /* CostChart.swift in Sources */ = {isa = PBXBuildFile; fileRef = B10000000007 /* CostChart.swift */; };
		A10000000008 /* EventsChart.swift in Sources */ = {isa = PBXBuildFile; fileRef = B10000000008 /* EventsChart.swift */; };
		L10000000001 /* Localization.swift in Sources */ = {isa = PBXBuildFile; fileRef = L20000000001 /* Localization.swift */; };
		0C102E5047654E452890DC1C /* frame_00.png in Resources */ = {isa = PBXBuildFile; fileRef = 0C1FFE59530A1D2FC18F1651 /* frame_00.png */; };
		540D40E5D9941CCBE4ECE130 /* frame_00_thin.png in Resources */ = {isa = PBXBuildFile; fileRef = CBF9D170A3A566C2BE2A2F70 /* frame_00_thin.png */; };
		0D8BF2892ACFC5D57EC5B3A6 /* StatusBarController.swift in Sources */ = {isa = PBXBuildFile; fileRef = A6C1751117D1E380839B3A0E /* StatusBarController.swift */; };
		CX10000000001 /* CodexUsageClient.swift in Sources */ = {isa = PBXBuildFile; fileRef = CX20000000001 /* CodexUsageClient.swift */; };
		CX10000000002 /* CodexUsageMonitor.swift in Sources */ = {isa = PBXBuildFile; fileRef = CX20000000002 /* CodexUsageMonitor.swift */; };
		192041B631FA773F80879D97 /* TokenAggregator.swift in Sources */ = {isa = PBXBuildFile; fileRef = 85595784F39710A1BF95BC51 /* TokenAggregator.swift */; };
		1AF45302417CF14FE4E62098 /* frame_02.png in Resources */ = {isa = PBXBuildFile; fileRef = A56E6C47FB0555F57056DA13 /* frame_02.png */; };
		27611784EBE8056DB13584F9 /* ProviderColor.swift in Sources */ = {isa = PBXBuildFile; fileRef = 5952046CCD5E92A6AE3E38A5 /* ProviderColor.swift */; };
		2B4230ABE31D423999570F70 /* frame_06.png in Resources */ = {isa = PBXBuildFile; fileRef = 551CF929C655CBA53D7A432E /* frame_06.png */; };
		2C5565559581A5B645B3349C /* ProviderRegistry.swift in Sources */ = {isa = PBXBuildFile; fileRef = CA89702E4E5B1108842AA475 /* ProviderRegistry.swift */; };
		2FD39BD3817670D06BE68CEF /* ProviderRegistryTests.swift in Sources */ = {isa = PBXBuildFile; fileRef = 507FA6EFF17810ED320DE318 /* ProviderRegistryTests.swift */; };
		30E96B62CCA9D6694DCED0BE /* SettingsWindowController.swift in Sources */ = {isa = PBXBuildFile; fileRef = BCA30A3E71C0D0B2A1682750 /* SettingsWindowController.swift */; };
		3C67B974F8F903F27F8D9F62 /* TokiMonitorApp.swift in Sources */ = {isa = PBXBuildFile; fileRef = 1A83167497A1EE039A2B2494 /* TokiMonitorApp.swift */; };
		46DF834236EAC2C92B2F93AE /* ProviderSummary.swift in Sources */ = {isa = PBXBuildFile; fileRef = 37F55200D88B2D7260541C5D /* ProviderSummary.swift */; };
		4D1811384018CA0358835E59 /* ConnectionManagerTests.swift in Sources */ = {isa = PBXBuildFile; fileRef = 472F2F7AB9F295A874844E6D /* ConnectionManagerTests.swift */; };
		4DBBE21D70D7916D7F2DC175 /* AnimationStateMapper.swift in Sources */ = {isa = PBXBuildFile; fileRef = BD9B37346F997317DEDCD356 /* AnimationStateMapper.swift */; };
		AT10000001 /* AnimationTheme.swift in Sources */ = {isa = PBXBuildFile; fileRef = AT20000001 /* AnimationTheme.swift */; };
		AT10000002 /* Animations in Resources */ = {isa = PBXBuildFile; fileRef = AT20000002 /* Animations */; };
		UC10000001 /* UpdateChecker.swift in Sources */ = {isa = PBXBuildFile; fileRef = UC20000001 /* UpdateChecker.swift */; };
		4DF008865414431174E7637E /* frame_05.png in Resources */ = {isa = PBXBuildFile; fileRef = C89A62671E6B8235B289897B /* frame_05.png */; };
		4E185ECB80CEBAD70B4DD71F /* TokiEventStream.swift in Sources */ = {isa = PBXBuildFile; fileRef = D7A07540C3665358D10E114C /* TokiEventStream.swift */; };
		5F3B5F27AEE2D7112D148565 /* TokiReportClientTests.swift in Sources */ = {isa = PBXBuildFile; fileRef = 750080E9CA86B9101502A6B7 /* TokiReportClientTests.swift */; };
		63B8BEFB72BBB999147E5937 /* TokiConnection.swift in Sources */ = {isa = PBXBuildFile; fileRef = DB2BF0000196F3EA0107C726 /* TokiConnection.swift */; };
		69295AAE29A8D4FB6FBD903E /* TokenUsageModel.swift in Sources */ = {isa = PBXBuildFile; fileRef = 196E4E973580CB5B1A9B79FA /* TokenUsageModel.swift */; };
		789F755BF45FCF87C7EF5C9F /* SettingsView.swift in Sources */ = {isa = PBXBuildFile; fileRef = DB89E56D927ABD7289F04084 /* SettingsView.swift */; };
		DB66B79DC58248F3D46EF942 /* GeneralSettingsPane.swift in Sources */ = {isa = PBXBuildFile; fileRef = 537DA1DEC2EB51E719C23F4A /* GeneralSettingsPane.swift */; };
		F6025160AAD4877579F832AF /* MenuBarSettingsPane.swift in Sources */ = {isa = PBXBuildFile; fileRef = F5456D80A9A29DD053025629 /* MenuBarSettingsPane.swift */; };
		BA0F0698EDB2F4EA706B2521 /* ProvidersSettingsPane.swift in Sources */ = {isa = PBXBuildFile; fileRef = 518EA37BF638408B8EA6472F /* ProvidersSettingsPane.swift */; };
		AB10000000001 /* AboutPane.swift in Sources */ = {isa = PBXBuildFile; fileRef = AB20000000001 /* AboutPane.swift */; };
		87A60F7ED8DC50787541BF2F /* NotificationsSettingsPane.swift in Sources */ = {isa = PBXBuildFile; fileRef = C05EB08DE9C484A1538733DF /* NotificationsSettingsPane.swift */; };
		909F93389B2380F6E02D73AE /* TokiReportModels.swift in Sources */ = {isa = PBXBuildFile; fileRef = 74A27A6A118A446539806BB7 /* TokiReportModels.swift */; };
		9449B23FF1F7AD404910F919 /* frame_04.png in Resources */ = {isa = PBXBuildFile; fileRef = 61DDA70E53ACA059A333371E /* frame_04.png */; };
		96C312BC7B488E45DAB00737 /* AppSettings.swift in Sources */ = {isa = PBXBuildFile; fileRef = 5D82D563F2B758C1208E987E /* AppSettings.swift */; };
		A5A0153D1AF63F11B4BE8133 /* TokiEvent.swift in Sources */ = {isa = PBXBuildFile; fileRef = 8B4247163632AC4A7FF3582B /* TokiEvent.swift */; };
		B87610314D4693D729AF3D54 /* AnimationStateMapperTests.swift in Sources */ = {isa = PBXBuildFile; fileRef = F24A89C84AD804E6D14E648F /* AnimationStateMapperTests.swift */; };
		TA10000000001 /* TokenAggregatorLogicTests.swift in Sources */ = {isa = PBXBuildFile; fileRef = TA20000000001 /* TokenAggregatorLogicTests.swift */; };
		BCE0DA81930B1736E9AB03A5 /* TokenFormatter.swift in Sources */ = {isa = PBXBuildFile; fileRef = 5B278895C8F3233433F88309 /* TokenFormatter.swift */; };
		C33D79DB96B18D96790274FE /* DashboardWindow.swift in Sources */ = {isa = PBXBuildFile; fileRef = 530B806F812350D8094AA0EC /* DashboardWindow.swift */; };
		C4E3FFDC972A212EEC371464 /* Assets.xcassets in Resources */ = {isa = PBXBuildFile; fileRef = B572F782B925386C0B035893 /* Assets.xcassets */; };
		CA53B87359FD3833598A2E5C /* SparklineView.swift in Sources */ = {isa = PBXBuildFile; fileRef = 27DDC52F74B0CB31A48BB7CE /* SparklineView.swift */; };
		CA9C7AA78EF38E315FCBB43D /* frame_03.png in Resources */ = {isa = PBXBuildFile; fileRef = C060811529815B293611230B /* frame_03.png */; };
		D3B34FF52E62F5D2E45480DC /* CharacterAnimationView.swift in Sources */ = {isa = PBXBuildFile; fileRef = 1CA93FB660B4398E6A806FC3 /* CharacterAnimationView.swift */; };
		E9C97C704F48EF0280E0ADD0 /* ConnectionManager.swift in Sources */ = {isa = PBXBuildFile; fileRef = 0103BDEAC6066E0274029149 /* ConnectionManager.swift */; };
		EBEAD3D481833720FA9F9E19 /* TokiEventStreamTests.swift in Sources */ = {isa = PBXBuildFile; fileRef = 755C88AB0D9EE0E7EDC3CDAE /* TokiEventStreamTests.swift */; };
		AA1234567890ABCDEF123456 /* MenuContentView.swift in Sources */ = {isa = PBXBuildFile; fileRef = BB1234567890ABCDEF123456 /* MenuContentView.swift */; };
		CC1234567890ABCDEF123456 /* StatusItemUnit.swift in Sources */ = {isa = PBXBuildFile; fileRef = DD1234567890ABCDEF123456 /* StatusItemUnit.swift */; };
		DS10000000001 /* DesignSystem.swift in Sources */ = {isa = PBXBuildFile; fileRef = DS20000000001 /* DesignSystem.swift */; };
		F7B06F96F0152C66001A51CB /* TokiReportClient.swift in Sources */ = {isa = PBXBuildFile; fileRef = B48136C76E19A8BB32E9ECE5 /* TokiReportClient.swift */; };
		F8B2DD6025F117063D447B82 /* DashboardView.swift in Sources */ = {isa = PBXBuildFile; fileRef = 3BDCB8700F8EE06B7CB0AC2F /* DashboardView.swift */; };
		FAAE9290A0103A52B4EDDA4E /* frame_01.png in Resources */ = {isa = PBXBuildFile; fileRef = 140E82C9A015AA41CD3C0C1A /* frame_01.png */; };
		G10000000001 /* DashboardConfig.swift in Sources */ = {isa = PBXBuildFile; fileRef = G20000000001 /* DashboardConfig.swift */; };
		G10000000002 /* DashboardConfigStore.swift in Sources */ = {isa = PBXBuildFile; fileRef = G20000000002 /* DashboardConfigStore.swift */; };
		G10000000003 /* PanelDataExtractor.swift in Sources */ = {isa = PBXBuildFile; fileRef = G20000000003 /* PanelDataExtractor.swift */; };
		G10000000004 /* DashboardGridLayout.swift in Sources */ = {isa = PBXBuildFile; fileRef = G20000000004 /* DashboardGridLayout.swift */; };
		G10000000005 /* CustomDashboardView.swift in Sources */ = {isa = PBXBuildFile; fileRef = G20000000005 /* CustomDashboardView.swift */; };
		G10000000006 /* PanelContainerView.swift in Sources */ = {isa = PBXBuildFile; fileRef = G20000000006 /* PanelContainerView.swift */; };
		G10000000007 /* StatPanelView.swift in Sources */ = {isa = PBXBuildFile; fileRef = G20000000007 /* StatPanelView.swift */; };
		G10000000025 /* TimeSeriesChartView.swift in Sources */ = {isa = PBXBuildFile; fileRef = G20000000025 /* TimeSeriesChartView.swift */; };
		G10000000027 /* PieChartView.swift in Sources */ = {isa = PBXBuildFile; fileRef = G20000000027 /* PieChartView.swift */; };
		G10000000026 /* TimeRangePickerPopover.swift in Sources */ = {isa = PBXBuildFile; fileRef = G20000000026 /* TimeRangePickerPopover.swift */; };
		G10000000008 /* DashboardEditOverlay.swift in Sources */ = {isa = PBXBuildFile; fileRef = G20000000008 /* DashboardEditOverlay.swift */; };
		G10000000009 /* PanelDragModifier.swift in Sources */ = {isa = PBXBuildFile; fileRef = G20000000009 /* PanelDragModifier.swift */; };
		G10000000010 /* PanelResizeHandle.swift in Sources */ = {isa = PBXBuildFile; fileRef = G20000000010 /* PanelResizeHandle.swift */; };
		G10000000011 /* AddPanelPopover.swift in Sources */ = {isa = PBXBuildFile; fileRef = G20000000011 /* AddPanelPopover.swift */; };
		G10000000012 /* PanelEditorView.swift in Sources */ = {isa = PBXBuildFile; fileRef = G20000000012 /* PanelEditorView.swift */; };
		G10000000013 /* DashboardExtensions.swift in Sources */ = {isa = PBXBuildFile; fileRef = G20000000013 /* DashboardExtensions.swift */; };
		G10000000014 /* DashboardVersionStore.swift in Sources */ = {isa = PBXBuildFile; fileRef = G20000000014 /* DashboardVersionStore.swift */; };
		G10000000015 /* AnnotationStore.swift in Sources */ = {isa = PBXBuildFile; fileRef = G20000000015 /* AnnotationStore.swift */; };
		G10000000016 /* AlertManager.swift in Sources */ = {isa = PBXBuildFile; fileRef = G20000000016 /* AlertManager.swift */; };
		G10000000017 /* PlaylistManager.swift in Sources */ = {isa = PBXBuildFile; fileRef = G20000000017 /* PlaylistManager.swift */; };
		G10000000018 /* DashboardSettingsSheet.swift in Sources */ = {isa = PBXBuildFile; fileRef = G20000000018 /* DashboardSettingsSheet.swift */; };
		G10000000019 /* VersionHistorySheet.swift in Sources */ = {isa = PBXBuildFile; fileRef = G20000000019 /* VersionHistorySheet.swift */; };
		G10000000020 /* AnnotationListSheet.swift in Sources */ = {isa = PBXBuildFile; fileRef = G20000000020 /* AnnotationListSheet.swift */; };
		G10000000021 /* ExploreView.swift in Sources */ = {isa = PBXBuildFile; fileRef = G20000000021 /* ExploreView.swift */; };
		G10000000022 /* PlaylistView.swift in Sources */ = {isa = PBXBuildFile; fileRef = G20000000022 /* PlaylistView.swift */; };
		G10000000023 /* AlertListView.swift in Sources */ = {isa = PBXBuildFile; fileRef = G20000000023 /* AlertListView.swift */; };
		G10000000024 /* DetailHeaderView.swift in Sources */ = {isa = PBXBuildFile; fileRef = G20000000024 /* DetailHeaderView.swift */; };
/* End PBXBuildFile section */

/* Begin PBXContainerItemProxy section */
		EF0BFE800443DC8357A03A8E /* PBXContainerItemProxy */ = {
			isa = PBXContainerItemProxy;
			containerPortal = 99C9A14C257517FE3B9C41BB /* Project object */;
			proxyType = 1;
			remoteGlobalIDString = 382E7144DDD36268AED875E1;
			remoteInfo = TokiMonitor;
		};
/* End PBXContainerItemProxy section */

/* Begin PBXFileReference section */
		F30000000001 /* GlassWorkaround.swift */ = {isa = PBXFileReference; lastKnownFileType = sourcecode.swift; path = GlassWorkaround.swift; sourceTree = "<group>"; };
		D10000000001 /* OAuthModels.swift */ = {isa = PBXFileReference; lastKnownFileType = sourcecode.swift; path = OAuthModels.swift; sourceTree = "<group>"; };
		D10000000010 /* ClaudeAuthReader.swift */ = {isa = PBXFileReference; lastKnownFileType = sourcecode.swift; path = ClaudeAuthReader.swift; sourceTree = "<group>"; };
		D10000000005 /* ClaudeUsageClient.swift */ = {isa = PBXFileReference; lastKnownFileType = sourcecode.swift; path = ClaudeUsageClient.swift; sourceTree = "<group>"; };
		CX20000000001 /* CodexUsageClient.swift */ = {isa = PBXFileReference; lastKnownFileType = sourcecode.swift; path = CodexUsageClient.swift; sourceTree = "<group>"; };
		CX20000000002 /* CodexUsageMonitor.swift */ = {isa = PBXFileReference; lastKnownFileType = sourcecode.swift; path = CodexUsageMonitor.swift; sourceTree = "<group>"; };
		D10000000007 /* ClaudeUsageMonitor.swift */ = {isa = PBXFileReference; lastKnownFileType = sourcecode.swift; path = ClaudeUsageMonitor.swift; sourceTree = "<group>"; };
		D10000000008 /* ClaudeUsageSection.swift */ = {isa = PBXFileReference; lastKnownFileType = sourcecode.swift; path = ClaudeUsageSection.swift; sourceTree = "<group>"; };
		B10000000001 /* TimeSeriesModels.swift */ = {isa = PBXFileReference; lastKnownFileType = sourcecode.swift; path = TimeSeriesModels.swift; sourceTree = "<group>"; };
		B10000000002 /* DashboardViewModel.swift */ = {isa = PBXFileReference; lastKnownFileType = sourcecode.swift; path = DashboardViewModel.swift; sourceTree = "<group>"; };
		B10000000003 /* DashboardToolbar.swift */ = {isa = PBXFileReference; lastKnownFileType = sourcecode.swift; path = DashboardToolbar.swift; sourceTree = "<group>"; };
		B10000000004 /* ChartPanel.swift */ = {isa = PBXFileReference; lastKnownFileType = sourcecode.swift; path = ChartPanel.swift; sourceTree = "<group>"; };
		B10000000005 /* StatCard.swift */ = {isa = PBXFileReference; lastKnownFileType = sourcecode.swift; path = StatCard.swift; sourceTree = "<group>"; };
		B10000000006 /* TokenUsageChart.swift */ = {isa = PBXFileReference; lastKnownFileType = sourcecode.swift; path = TokenUsageChart.swift; sourceTree = "<group>"; };
		B10000000007 /* CostChart.swift */ = {isa = PBXFileReference; lastKnownFileType = sourcecode.swift; path = CostChart.swift; sourceTree = "<group>"; };
		B10000000008 /* EventsChart.swift */ = {isa = PBXFileReference; lastKnownFileType = sourcecode.swift; path = EventsChart.swift; sourceTree = "<group>"; };
		L20000000001 /* Localization.swift */ = {isa = PBXFileReference; lastKnownFileType = sourcecode.swift; path = Localization.swift; sourceTree = "<group>"; };
		0103BDEAC6066E0274029149 /* ConnectionManager.swift */ = {isa = PBXFileReference; lastKnownFileType = sourcecode.swift; path = ConnectionManager.swift; sourceTree = "<group>"; };
		DS20000000001 /* DesignSystem.swift */ = {isa = PBXFileReference; lastKnownFileType = sourcecode.swift; path = DesignSystem.swift; sourceTree = "<group>"; };
		0C1FFE59530A1D2FC18F1651 /* frame_00.png */ = {isa = PBXFileReference; lastKnownFileType = image.png; path = frame_00.png; sourceTree = "<group>"; };
		CBF9D170A3A566C2BE2A2F70 /* frame_00_thin.png */ = {isa = PBXFileReference; lastKnownFileType = image.png; path = frame_00_thin.png; sourceTree = "<group>"; };
		140E82C9A015AA41CD3C0C1A /* frame_01.png */ = {isa = PBXFileReference; lastKnownFileType = image.png; path = frame_01.png; sourceTree = "<group>"; };
		196E4E973580CB5B1A9B79FA /* TokenUsageModel.swift */ = {isa = PBXFileReference; lastKnownFileType = sourcecode.swift; path = TokenUsageModel.swift; sourceTree = "<group>"; };
		1A83167497A1EE039A2B2494 /* TokiMonitorApp.swift */ = {isa = PBXFileReference; lastKnownFileType = sourcecode.swift; path = TokiMonitorApp.swift; sourceTree = "<group>"; };
		1CA93FB660B4398E6A806FC3 /* CharacterAnimationView.swift */ = {isa = PBXFileReference; lastKnownFileType = sourcecode.swift; path = CharacterAnimationView.swift; sourceTree = "<group>"; };
		26621218B422BFA891C1CDF6 /* Info.plist */ = {isa = PBXFileReference; lastKnownFileType = text.plist; path = Info.plist; sourceTree = "<group>"; };
		27DDC52F74B0CB31A48BB7CE /* SparklineView.swift */ = {isa = PBXFileReference; lastKnownFileType = sourcecode.swift; path = SparklineView.swift; sourceTree = "<group>"; };
		37F55200D88B2D7260541C5D /* ProviderSummary.swift */ = {isa = PBXFileReference; lastKnownFileType = sourcecode.swift; path = ProviderSummary.swift; sourceTree = "<group>"; };
		3BDCB8700F8EE06B7CB0AC2F /* DashboardView.swift */ = {isa = PBXFileReference; lastKnownFileType = sourcecode.swift; path = DashboardView.swift; sourceTree = "<group>"; };
		4215CB67D3CB129464800547 /* TokiMonitor.app */ = {isa = PBXFileReference; explicitFileType = wrapper.application; includeInIndex = 0; path = TokiMonitor.app; sourceTree = BUILT_PRODUCTS_DIR; };
		472F2F7AB9F295A874844E6D /* ConnectionManagerTests.swift */ = {isa = PBXFileReference; lastKnownFileType = sourcecode.swift; path = ConnectionManagerTests.swift; sourceTree = "<group>"; };
		507FA6EFF17810ED320DE318 /* ProviderRegistryTests.swift */ = {isa = PBXFileReference; lastKnownFileType = sourcecode.swift; path = ProviderRegistryTests.swift; sourceTree = "<group>"; };
		530B806F812350D8094AA0EC /* DashboardWindow.swift */ = {isa = PBXFileReference; lastKnownFileType = sourcecode.swift; path = DashboardWindow.swift; sourceTree = "<group>"; };
		551CF929C655CBA53D7A432E /* frame_06.png */ = {isa = PBXFileReference; lastKnownFileType = image.png; path = frame_06.png; sourceTree = "<group>"; };
		5952046CCD5E92A6AE3E38A5 /* ProviderColor.swift */ = {isa = PBXFileReference; lastKnownFileType = sourcecode.swift; path = ProviderColor.swift; sourceTree = "<group>"; };
		5B278895C8F3233433F88309 /* TokenFormatter.swift */ = {isa = PBXFileReference; lastKnownFileType = sourcecode.swift; path = TokenFormatter.swift; sourceTree = "<group>"; };
		5D82D563F2B758C1208E987E /* AppSettings.swift */ = {isa = PBXFileReference; lastKnownFileType = sourcecode.swift; path = AppSettings.swift; sourceTree = "<group>"; };
		61DDA70E53ACA059A333371E /* frame_04.png */ = {isa = PBXFileReference; lastKnownFileType = image.png; path = frame_04.png; sourceTree = "<group>"; };
		BB1234567890ABCDEF123456 /* MenuContentView.swift */ = {isa = PBXFileReference; lastKnownFileType = sourcecode.swift; path = MenuContentView.swift; sourceTree = "<group>"; };
		DD1234567890ABCDEF123456 /* StatusItemUnit.swift */ = {isa = PBXFileReference; lastKnownFileType = sourcecode.swift; path = StatusItemUnit.swift; sourceTree = "<group>"; };
		74A27A6A118A446539806BB7 /* TokiReportModels.swift */ = {isa = PBXFileReference; lastKnownFileType = sourcecode.swift; path = TokiReportModels.swift; sourceTree = "<group>"; };
		750080E9CA86B9101502A6B7 /* TokiReportClientTests.swift */ = {isa = PBXFileReference; lastKnownFileType = sourcecode.swift; path = TokiReportClientTests.swift; sourceTree = "<group>"; };
		755C88AB0D9EE0E7EDC3CDAE /* TokiEventStreamTests.swift */ = {isa = PBXFileReference; lastKnownFileType = sourcecode.swift; path = TokiEventStreamTests.swift; sourceTree = "<group>"; };
		85595784F39710A1BF95BC51 /* TokenAggregator.swift */ = {isa = PBXFileReference; lastKnownFileType = sourcecode.swift; path = TokenAggregator.swift; sourceTree = "<group>"; };
		8B4247163632AC4A7FF3582B /* TokiEvent.swift */ = {isa = PBXFileReference; lastKnownFileType = sourcecode.swift; path = TokiEvent.swift; sourceTree = "<group>"; };
		A56E6C47FB0555F57056DA13 /* frame_02.png */ = {isa = PBXFileReference; lastKnownFileType = image.png; path = frame_02.png; sourceTree = "<group>"; };
		A6C1751117D1E380839B3A0E /* StatusBarController.swift */ = {isa = PBXFileReference; lastKnownFileType = sourcecode.swift; path = StatusBarController.swift; sourceTree = "<group>"; };
		B48136C76E19A8BB32E9ECE5 /* TokiReportClient.swift */ = {isa = PBXFileReference; lastKnownFileType = sourcecode.swift; path = TokiReportClient.swift; sourceTree = "<group>"; };
		B572F782B925386C0B035893 /* Assets.xcassets */ = {isa = PBXFileReference; lastKnownFileType = folder.assetcatalog; path = Assets.xcassets; sourceTree = "<group>"; };
		BCA30A3E71C0D0B2A1682750 /* SettingsWindowController.swift */ = {isa = PBXFileReference; lastKnownFileType = sourcecode.swift; path = SettingsWindowController.swift; sourceTree = "<group>"; };
		BD9B37346F997317DEDCD356 /* AnimationStateMapper.swift */ = {isa = PBXFileReference; lastKnownFileType = sourcecode.swift; path = AnimationStateMapper.swift; sourceTree = "<group>"; };
		AT20000001 /* AnimationTheme.swift */ = {isa = PBXFileReference; lastKnownFileType = sourcecode.swift; path = AnimationTheme.swift; sourceTree = "<group>"; };
		UC20000001 /* UpdateChecker.swift */ = {isa = PBXFileReference; lastKnownFileType = sourcecode.swift; path = UpdateChecker.swift; sourceTree = "<group>"; };
		AT20000002 /* Animations */ = {isa = PBXFileReference; lastKnownFileType = folder; path = Animations; sourceTree = "<group>"; };
		BDE38973AE985102C6A597D9 /* TokiMonitorTests.xctest */ = {isa = PBXFileReference; explicitFileType = wrapper.cfbundle; includeInIndex = 0; path = TokiMonitorTests.xctest; sourceTree = BUILT_PRODUCTS_DIR; };
		C060811529815B293611230B /* frame_03.png */ = {isa = PBXFileReference; lastKnownFileType = image.png; path = frame_03.png; sourceTree = "<group>"; };
		C89A62671E6B8235B289897B /* frame_05.png */ = {isa = PBXFileReference; lastKnownFileType = image.png; path = frame_05.png; sourceTree = "<group>"; };
		CA89702E4E5B1108842AA475 /* ProviderRegistry.swift */ = {isa = PBXFileReference; lastKnownFileType = sourcecode.swift; path = ProviderRegistry.swift; sourceTree = "<group>"; };
		D7A07540C3665358D10E114C /* TokiEventStream.swift */ = {isa = PBXFileReference; lastKnownFileType = sourcecode.swift; path = TokiEventStream.swift; sourceTree = "<group>"; };
		DB2BF0000196F3EA0107C726 /* TokiConnection.swift */ = {isa = PBXFileReference; lastKnownFileType = sourcecode.swift; path = TokiConnection.swift; sourceTree = "<group>"; };
		DB89E56D927ABD7289F04084 /* SettingsView.swift */ = {isa = PBXFileReference; lastKnownFileType = sourcecode.swift; path = SettingsView.swift; sourceTree = "<group>"; };
		537DA1DEC2EB51E719C23F4A /* GeneralSettingsPane.swift */ = {isa = PBXFileReference; lastKnownFileType = sourcecode.swift; path = GeneralSettingsPane.swift; sourceTree = "<group>"; };
		F5456D80A9A29DD053025629 /* MenuBarSettingsPane.swift */ = {isa = PBXFileReference; lastKnownFileType = sourcecode.swift; path = MenuBarSettingsPane.swift; sourceTree = "<group>"; };
		518EA37BF638408B8EA6472F /* ProvidersSettingsPane.swift */ = {isa = PBXFileReference; lastKnownFileType = sourcecode.swift; path = ProvidersSettingsPane.swift; sourceTree = "<group>"; };
		AB20000000001 /* AboutPane.swift */ = {isa = PBXFileReference; lastKnownFileType = sourcecode.swift; path = AboutPane.swift; sourceTree = "<group>"; };
		C05EB08DE9C484A1538733DF /* NotificationsSettingsPane.swift */ = {isa = PBXFileReference; lastKnownFileType = sourcecode.swift; path = NotificationsSettingsPane.swift; sourceTree = "<group>"; };
		F24A89C84AD804E6D14E648F /* AnimationStateMapperTests.swift */ = {isa = PBXFileReference; lastKnownFileType = sourcecode.swift; path = AnimationStateMapperTests.swift; sourceTree = "<group>"; };
		TA20000000001 /* TokenAggregatorLogicTests.swift */ = {isa = PBXFileReference; lastKnownFileType = sourcecode.swift; path = TokenAggregatorLogicTests.swift; sourceTree = "<group>"; };
		G20000000001 /* DashboardConfig.swift */ = {isa = PBXFileReference; lastKnownFileType = sourcecode.swift; path = DashboardConfig.swift; sourceTree = "<group>"; };
		G20000000002 /* DashboardConfigStore.swift */ = {isa = PBXFileReference; lastKnownFileType = sourcecode.swift; path = DashboardConfigStore.swift; sourceTree = "<group>"; };
		G20000000003 /* PanelDataExtractor.swift */ = {isa = PBXFileReference; lastKnownFileType = sourcecode.swift; path = PanelDataExtractor.swift; sourceTree = "<group>"; };
		G20000000004 /* DashboardGridLayout.swift */ = {isa = PBXFileReference; lastKnownFileType = sourcecode.swift; path = DashboardGridLayout.swift; sourceTree = "<group>"; };
		G20000000005 /* CustomDashboardView.swift */ = {isa = PBXFileReference; lastKnownFileType = sourcecode.swift; path = CustomDashboardView.swift; sourceTree = "<group>"; };
		G20000000006 /* PanelContainerView.swift */ = {isa = PBXFileReference; lastKnownFileType = sourcecode.swift; path = PanelContainerView.swift; sourceTree = "<group>"; };
		G20000000007 /* StatPanelView.swift */ = {isa = PBXFileReference; lastKnownFileType = sourcecode.swift; path = StatPanelView.swift; sourceTree = "<group>"; };
		G20000000025 /* TimeSeriesChartView.swift */ = {isa = PBXFileReference; lastKnownFileType = sourcecode.swift; path = TimeSeriesChartView.swift; sourceTree = "<group>"; };
		G20000000027 /* PieChartView.swift */ = {isa = PBXFileReference; lastKnownFileType = sourcecode.swift; path = PieChartView.swift; sourceTree = "<group>"; };
		G20000000026 /* TimeRangePickerPopover.swift */ = {isa = PBXFileReference; lastKnownFileType = sourcecode.swift; path = TimeRangePickerPopover.swift; sourceTree = "<group>"; };
		G20000000008 /* DashboardEditOverlay.swift */ = {isa = PBXFileReference; lastKnownFileType = sourcecode.swift; path = DashboardEditOverlay.swift; sourceTree = "<group>"; };
		G20000000009 /* PanelDragModifier.swift */ = {isa = PBXFileReference; lastKnownFileType = sourcecode.swift; path = PanelDragModifier.swift; sourceTree = "<group>"; };
		G20000000010 /* PanelResizeHandle.swift */ = {isa = PBXFileReference; lastKnownFileType = sourcecode.swift; path = PanelResizeHandle.swift; sourceTree = "<group>"; };
		G20000000011 /* AddPanelPopover.swift */ = {isa = PBXFileReference; lastKnownFileType = sourcecode.swift; path = AddPanelPopover.swift; sourceTree = "<group>"; };
		G20000000012 /* PanelEditorView.swift */ = {isa = PBXFileReference; lastKnownFileType = sourcecode.swift; path = PanelEditorView.swift; sourceTree = "<group>"; };
		G20000000013 /* DashboardExtensions.swift */ = {isa = PBXFileReference; lastKnownFileType = sourcecode.swift; path = DashboardExtensions.swift; sourceTree = "<group>"; };
		G20000000014 /* DashboardVersionStore.swift */ = {isa = PBXFileReference; lastKnownFileType = sourcecode.swift; path = DashboardVersionStore.swift; sourceTree = "<group>"; };
		G20000000015 /* AnnotationStore.swift */ = {isa = PBXFileReference; lastKnownFileType = sourcecode.swift; path = AnnotationStore.swift; sourceTree = "<group>"; };
		G20000000016 /* AlertManager.swift */ = {isa = PBXFileReference; lastKnownFileType = sourcecode.swift; path = AlertManager.swift; sourceTree = "<group>"; };
		G20000000017 /* PlaylistManager.swift */ = {isa = PBXFileReference; lastKnownFileType = sourcecode.swift; path = PlaylistManager.swift; sourceTree = "<group>"; };
		G20000000018 /* DashboardSettingsSheet.swift */ = {isa = PBXFileReference; lastKnownFileType = sourcecode.swift; path = DashboardSettingsSheet.swift; sourceTree = "<group>"; };
		G20000000019 /* VersionHistorySheet.swift */ = {isa = PBXFileReference; lastKnownFileType = sourcecode.swift; path = VersionHistorySheet.swift; sourceTree = "<group>"; };
		G20000000020 /* AnnotationListSheet.swift */ = {isa = PBXFileReference; lastKnownFileType = sourcecode.swift; path = AnnotationListSheet.swift; sourceTree = "<group>"; };
		G20000000021 /* ExploreView.swift */ = {isa = PBXFileReference; lastKnownFileType = sourcecode.swift; path = ExploreView.swift; sourceTree = "<group>"; };
		G20000000022 /* PlaylistView.swift */ = {isa = PBXFileReference; lastKnownFileType = sourcecode.swift; path = PlaylistView.swift; sourceTree = "<group>"; };
		G20000000023 /* AlertListView.swift */ = {isa = PBXFileReference; lastKnownFileType = sourcecode.swift; path = AlertListView.swift; sourceTree = "<group>"; };
		G20000000024 /* DetailHeaderView.swift */ = {isa = PBXFileReference; lastKnownFileType = sourcecode.swift; path = DetailHeaderView.swift; sourceTree = "<group>"; };
/* End PBXFileReference section */

/* Begin PBXGroup section */
		0C66381CCEF5686CC69086FD /* Data */ = {
			isa = PBXGroup;
			children = (
				DB2BF0000196F3EA0107C726 /* TokiConnection.swift */,
				D7A07540C3665358D10E114C /* TokiEventStream.swift */,
				B48136C76E19A8BB32E9ECE5 /* TokiReportClient.swift */,
				8648934AE14365594C7132F0 /* Models */,
				F10000000001 /* OAuth */,
			);
			path = Data;
			sourceTree = "<group>";
		};
		12C6C9AB20CDE12890D87646 = {
			isa = PBXGroup;
			children = (
				73E34B75A97A1A7983F6618C /* TokiMonitor */,
				4B98EA5DEFDD2C044A1D1FA8 /* Products */,
			);
			sourceTree = "<group>";
		};
		2037DBB9FB4E100B90F4162C /* TokiMonitorTests */ = {
			isa = PBXGroup;
			children = (
				29DDD5F7608E33B91408BA74 /* Data */,
				A09E6DF1E20788C81FF0BBA5 /* Domain */,
			);
			path = TokiMonitorTests;
			sourceTree = "<group>";
		};
		29DDD5F7608E33B91408BA74 /* Data */ = {
			isa = PBXGroup;
			children = (
				755C88AB0D9EE0E7EDC3CDAE /* TokiEventStreamTests.swift */,
				750080E9CA86B9101502A6B7 /* TokiReportClientTests.swift */,
			);
			path = Data;
			sourceTree = "<group>";
		};
		2B53C31A8AFD444EB1D97241 /* Resources */ = {
			isa = PBXGroup;
			children = (
				B572F782B925386C0B035893 /* Assets.xcassets */,
				BD2650D4EB7E982A11AB3D8C /* CharacterFrames */,
				AT20000002 /* Animations */,
			);
			path = Resources;
			sourceTree = "<group>";
		};
		3CC06E198D87E843450910CE /* MenuBar */ = {
			isa = PBXGroup;
			children = (
				1CA93FB660B4398E6A806FC3 /* CharacterAnimationView.swift */,
				D10000000008 /* ClaudeUsageSection.swift */,
				BB1234567890ABCDEF123456 /* MenuContentView.swift */,
				27DDC52F74B0CB31A48BB7CE /* SparklineView.swift */,
				A6C1751117D1E380839B3A0E /* StatusBarController.swift */,
				DD1234567890ABCDEF123456 /* StatusItemUnit.swift */,
				F30000000001 /* GlassWorkaround.swift */,
			);
			path = MenuBar;
			sourceTree = "<group>";
		};
		4AB7C768CDEE60FF95F3BD69 /* Tests */ = {
			isa = PBXGroup;
			children = (
				2037DBB9FB4E100B90F4162C /* TokiMonitorTests */,
			);
			path = Tests;
			sourceTree = "<group>";
		};
		4B98EA5DEFDD2C044A1D1FA8 /* Products */ = {
			isa = PBXGroup;
			children = (
				4215CB67D3CB129464800547 /* TokiMonitor.app */,
				BDE38973AE985102C6A597D9 /* TokiMonitorTests.xctest */,
			);
			name = Products;
			sourceTree = "<group>";
		};
		5CB76EE9FE876C983A62E891 /* Dashboard */ = {
			isa = PBXGroup;
			children = (
				G20000000023 /* AlertListView.swift */,
				G20000000020 /* AnnotationListSheet.swift */,
				G20000000005 /* CustomDashboardView.swift */,
				G20000000018 /* DashboardSettingsSheet.swift */,
				3BDCB8700F8EE06B7CB0AC2F /* DashboardView.swift */,
				G20000000004 /* DashboardGridLayout.swift */,
				B10000000002 /* DashboardViewModel.swift */,
				B10000000003 /* DashboardToolbar.swift */,
				530B806F812350D8094AA0EC /* DashboardWindow.swift */,
				G20000000021 /* ExploreView.swift */,
				G20000000022 /* PlaylistView.swift */,
				G20000000024 /* DetailHeaderView.swift */,
				G20000000026 /* TimeRangePickerPopover.swift */,
				G20000000019 /* VersionHistorySheet.swift */,
				C10000000001 /* Charts */,
				G30000000001 /* EditMode */,
				G30000000002 /* Panels */,
			);
			path = Dashboard;
			sourceTree = "<group>";
		};
		G30000000001 /* EditMode */ = {
			isa = PBXGroup;
			children = (
				G20000000008 /* DashboardEditOverlay.swift */,
				G20000000009 /* PanelDragModifier.swift */,
				G20000000010 /* PanelResizeHandle.swift */,
				G20000000011 /* AddPanelPopover.swift */,
				G20000000012 /* PanelEditorView.swift */,
			);
			path = EditMode;
			sourceTree = "<group>";
		};
		G30000000002 /* Panels */ = {
			isa = PBXGroup;
			children = (
				G20000000006 /* PanelContainerView.swift */,
				G20000000007 /* StatPanelView.swift */,
				G20000000025 /* TimeSeriesChartView.swift */,
				G20000000027 /* PieChartView.swift */,
			);
			path = Panels;
			sourceTree = "<group>";
		};
		73E34B75A97A1A7983F6618C /* TokiMonitor */ = {
			isa = PBXGroup;
			children = (
				26621218B422BFA891C1CDF6 /* Info.plist */,
				1A83167497A1EE039A2B2494 /* TokiMonitorApp.swift */,
				0C66381CCEF5686CC69086FD /* Data */,
				F742507F177D260FFECA176D /* Domain */,
				EE3DFCBD1DA2E2C5ECCB7E9D /* Presentation */,
				2B53C31A8AFD444EB1D97241 /* Resources */,
				4AB7C768CDEE60FF95F3BD69 /* Tests */,
			);
			path = TokiMonitor;
			sourceTree = "<group>";
		};
		8648934AE14365594C7132F0 /* Models */ = {
			isa = PBXGroup;
			children = (
				G20000000001 /* DashboardConfig.swift */,
				G20000000013 /* DashboardExtensions.swift */,
				B10000000001 /* TimeSeriesModels.swift */,
				8B4247163632AC4A7FF3582B /* TokiEvent.swift */,
				74A27A6A118A446539806BB7 /* TokiReportModels.swift */,
			);
			path = Models;
			sourceTree = "<group>";
		};
		A09E6DF1E20788C81FF0BBA5 /* Domain */ = {
			isa = PBXGroup;
			children = (
				F24A89C84AD804E6D14E648F /* AnimationStateMapperTests.swift */,
				TA20000000001 /* TokenAggregatorLogicTests.swift */,
				472F2F7AB9F295A874844E6D /* ConnectionManagerTests.swift */,
				507FA6EFF17810ED320DE318 /* ProviderRegistryTests.swift */,
			);
			path = Domain;
			sourceTree = "<group>";
		};
		AC4F582F1B6F74BCEB60BC78 /* Settings */ = {
			isa = PBXGroup;
			children = (
				DB89E56D927ABD7289F04084 /* SettingsView.swift */,
				537DA1DEC2EB51E719C23F4A /* GeneralSettingsPane.swift */,
				F5456D80A9A29DD053025629 /* MenuBarSettingsPane.swift */,
				518EA37BF638408B8EA6472F /* ProvidersSettingsPane.swift */,
				C05EB08DE9C484A1538733DF /* NotificationsSettingsPane.swift */,
				AB20000000001 /* AboutPane.swift */,
				BCA30A3E71C0D0B2A1682750 /* SettingsWindowController.swift */,
			);
			path = Settings;
			sourceTree = "<group>";
		};
		BD2650D4EB7E982A11AB3D8C /* CharacterFrames */ = {
			isa = PBXGroup;
			children = (
				0C1FFE59530A1D2FC18F1651 /* frame_00.png */,
				CBF9D170A3A566C2BE2A2F70 /* frame_00_thin.png */,
				140E82C9A015AA41CD3C0C1A /* frame_01.png */,
				A56E6C47FB0555F57056DA13 /* frame_02.png */,
				C060811529815B293611230B /* frame_03.png */,
				61DDA70E53ACA059A333371E /* frame_04.png */,
				C89A62671E6B8235B289897B /* frame_05.png */,
				551CF929C655CBA53D7A432E /* frame_06.png */,
			);
			path = CharacterFrames;
			sourceTree = "<group>";
		};
		EE3DFCBD1DA2E2C5ECCB7E9D /* Presentation */ = {
			isa = PBXGroup;
			children = (
				DS20000000001 /* DesignSystem.swift */,
				5952046CCD5E92A6AE3E38A5 /* ProviderColor.swift */,
				5CB76EE9FE876C983A62E891 /* Dashboard */,
				3CC06E198D87E843450910CE /* MenuBar */,
				AC4F582F1B6F74BCEB60BC78 /* Settings */,
			);
			path = Presentation;
			sourceTree = "<group>";
		};
		F742507F177D260FFECA176D /* Domain */ = {
			isa = PBXGroup;
			children = (
				G20000000015 /* AnnotationStore.swift */,
				G20000000016 /* AlertManager.swift */,
				BD9B37346F997317DEDCD356 /* AnimationStateMapper.swift */,
				AT20000001 /* AnimationTheme.swift */,
				UC20000001 /* UpdateChecker.swift */,
				5D82D563F2B758C1208E987E /* AppSettings.swift */,
				0103BDEAC6066E0274029149 /* ConnectionManager.swift */,
				D10000000007 /* ClaudeUsageMonitor.swift */,
				CX20000000002 /* CodexUsageMonitor.swift */,
				G20000000002 /* DashboardConfigStore.swift */,
				G20000000014 /* DashboardVersionStore.swift */,
				G20000000003 /* PanelDataExtractor.swift */,
				G20000000017 /* PlaylistManager.swift */,
				CA89702E4E5B1108842AA475 /* ProviderRegistry.swift */,
				37F55200D88B2D7260541C5D /* ProviderSummary.swift */,
				85595784F39710A1BF95BC51 /* TokenAggregator.swift */,
				5B278895C8F3233433F88309 /* TokenFormatter.swift */,
				196E4E973580CB5B1A9B79FA /* TokenUsageModel.swift */,
				L20000000001 /* Localization.swift */,
			);
			path = Domain;
			sourceTree = "<group>";
		};
		C10000000001 /* Charts */ = {
			isa = PBXGroup;
			children = (
				B10000000004 /* ChartPanel.swift */,
				B10000000005 /* StatCard.swift */,
				B10000000006 /* TokenUsageChart.swift */,
				B10000000007 /* CostChart.swift */,
				B10000000008 /* EventsChart.swift */,
			);
			path = Charts;
			sourceTree = "<group>";
		};
		F10000000001 /* OAuth */ = {
			isa = PBXGroup;
			children = (
				D10000000001 /* OAuthModels.swift */,
				D10000000010 /* ClaudeAuthReader.swift */,
				D10000000005 /* ClaudeUsageClient.swift */,
				CX20000000001 /* CodexUsageClient.swift */,
			);
			path = OAuth;
			sourceTree = "<group>";
		};
/* End PBXGroup section */

/* Begin PBXNativeTarget section */
		382E7144DDD36268AED875E1 /* TokiMonitor */ = {
			isa = PBXNativeTarget;
			buildConfigurationList = B3E3E2A1958800BF4DA8455C /* Build configuration list for PBXNativeTarget "TokiMonitor" */;
			buildPhases = (
				0D9D76A5A2694B4B5C60EA37 /* Sources */,
				6041E310B99818F76D4ED00E /* Resources */,
			);
			buildRules = (
			);
			dependencies = (
			);
			name = TokiMonitor;
			packageProductDependencies = (
			);
			productName = TokiMonitor;
			productReference = 4215CB67D3CB129464800547 /* TokiMonitor.app */;
			productType = "com.apple.product-type.application";
		};
		396739D6C553A054FA1E4708 /* TokiMonitorTests */ = {
			isa = PBXNativeTarget;
			buildConfigurationList = 26457A6BC80AEBC1F67B7769 /* Build configuration list for PBXNativeTarget "TokiMonitorTests" */;
			buildPhases = (
				4436AE9785ADAF1F65273172 /* Sources */,
			);
			buildRules = (
			);
			dependencies = (
				DB48529A02EFB67578DADBB1 /* PBXTargetDependency */,
			);
			name = TokiMonitorTests;
			packageProductDependencies = (
			);
			productName = TokiMonitorTests;
			productReference = BDE38973AE985102C6A597D9 /* TokiMonitorTests.xctest */;
			productType = "com.apple.product-type.bundle.unit-test";
		};
/* End PBXNativeTarget section */

/* Begin PBXProject section */
		99C9A14C257517FE3B9C41BB /* Project object */ = {
			isa = PBXProject;
			attributes = {
				BuildIndependentTargetsInParallel = YES;
				LastUpgradeCheck = 1520;
				TargetAttributes = {
					382E7144DDD36268AED875E1 = {
						ProvisioningStyle = Automatic;
					};
				};
			};
			buildConfigurationList = 81722841073149674A6D8D38 /* Build configuration list for PBXProject "TokiMonitor" */;
			developmentRegion = en;
			hasScannedForEncodings = 0;
			knownRegions = (
				Base,
				en,
			);
			mainGroup = 12C6C9AB20CDE12890D87646;
			minimizedProjectReferenceProxies = 1;
			preferredProjectObjectVersion = 77;
			productRefGroup = 4B98EA5DEFDD2C044A1D1FA8 /* Products */;
			projectDirPath = "";
			projectRoot = "";
			targets = (
				382E7144DDD36268AED875E1 /* TokiMonitor */,
				396739D6C553A054FA1E4708 /* TokiMonitorTests */,
			);
		};
/* End PBXProject section */

/* Begin PBXResourcesBuildPhase section */
		6041E310B99818F76D4ED00E /* Resources */ = {
			isa = PBXResourcesBuildPhase;
			buildActionMask = 2147483647;
			files = (
				C4E3FFDC972A212EEC371464 /* Assets.xcassets in Resources */,
				AT10000002 /* Animations in Resources */,
				0C102E5047654E452890DC1C /* frame_00.png in Resources */,
				540D40E5D9941CCBE4ECE130 /* frame_00_thin.png in Resources */,
				FAAE9290A0103A52B4EDDA4E /* frame_01.png in Resources */,
				1AF45302417CF14FE4E62098 /* frame_02.png in Resources */,
				CA9C7AA78EF38E315FCBB43D /* frame_03.png in Resources */,
				9449B23FF1F7AD404910F919 /* frame_04.png in Resources */,
				4DF008865414431174E7637E /* frame_05.png in Resources */,
				2B4230ABE31D423999570F70 /* frame_06.png in Resources */,
			);
			runOnlyForDeploymentPostprocessing = 0;
		};
/* End PBXResourcesBuildPhase section */

/* Begin PBXSourcesBuildPhase section */
		0D9D76A5A2694B4B5C60EA37 /* Sources */ = {
			isa = PBXSourcesBuildPhase;
			buildActionMask = 2147483647;
			files = (
				4DBBE21D70D7916D7F2DC175 /* AnimationStateMapper.swift in Sources */,
				AT10000001 /* AnimationTheme.swift in Sources */,
				UC10000001 /* UpdateChecker.swift in Sources */,
				96C312BC7B488E45DAB00737 /* AppSettings.swift in Sources */,
				D3B34FF52E62F5D2E45480DC /* CharacterAnimationView.swift in Sources */,
				E9C97C704F48EF0280E0ADD0 /* ConnectionManager.swift in Sources */,
				F8B2DD6025F117063D447B82 /* DashboardView.swift in Sources */,
				C33D79DB96B18D96790274FE /* DashboardWindow.swift in Sources */,
				DS10000000001 /* DesignSystem.swift in Sources */,
				27611784EBE8056DB13584F9 /* ProviderColor.swift in Sources */,
				2C5565559581A5B645B3349C /* ProviderRegistry.swift in Sources */,
				46DF834236EAC2C92B2F93AE /* ProviderSummary.swift in Sources */,
				789F755BF45FCF87C7EF5C9F /* SettingsView.swift in Sources */,
				DB66B79DC58248F3D46EF942 /* GeneralSettingsPane.swift in Sources */,
				F6025160AAD4877579F832AF /* MenuBarSettingsPane.swift in Sources */,
				BA0F0698EDB2F4EA706B2521 /* ProvidersSettingsPane.swift in Sources */,
				AB10000000001 /* AboutPane.swift in Sources */,
				87A60F7ED8DC50787541BF2F /* NotificationsSettingsPane.swift in Sources */,
				30E96B62CCA9D6694DCED0BE /* SettingsWindowController.swift in Sources */,
				CA53B87359FD3833598A2E5C /* SparklineView.swift in Sources */,
				0D8BF2892ACFC5D57EC5B3A6 /* StatusBarController.swift in Sources */,
				192041B631FA773F80879D97 /* TokenAggregator.swift in Sources */,
				BCE0DA81930B1736E9AB03A5 /* TokenFormatter.swift in Sources */,
				69295AAE29A8D4FB6FBD903E /* TokenUsageModel.swift in Sources */,
				63B8BEFB72BBB999147E5937 /* TokiConnection.swift in Sources */,
				A5A0153D1AF63F11B4BE8133 /* TokiEvent.swift in Sources */,
				4E185ECB80CEBAD70B4DD71F /* TokiEventStream.swift in Sources */,
				3C67B974F8F903F27F8D9F62 /* TokiMonitorApp.swift in Sources */,
				F7B06F96F0152C66001A51CB /* TokiReportClient.swift in Sources */,
				909F93389B2380F6E02D73AE /* TokiReportModels.swift in Sources */,
				AA1234567890ABCDEF123456 /* MenuContentView.swift in Sources */,
				CC1234567890ABCDEF123456 /* StatusItemUnit.swift in Sources */,
				F20000000001 /* GlassWorkaround.swift in Sources */,
				E10000000001 /* OAuthModels.swift in Sources */,
				E10000000010 /* ClaudeAuthReader.swift in Sources */,
				E10000000005 /* ClaudeUsageClient.swift in Sources */,
				CX10000000001 /* CodexUsageClient.swift in Sources */,
				CX10000000002 /* CodexUsageMonitor.swift in Sources */,
				E10000000007 /* ClaudeUsageMonitor.swift in Sources */,
				E10000000008 /* ClaudeUsageSection.swift in Sources */,
				A10000000001 /* TimeSeriesModels.swift in Sources */,
				A10000000002 /* DashboardViewModel.swift in Sources */,
				A10000000003 /* DashboardToolbar.swift in Sources */,
				A10000000004 /* ChartPanel.swift in Sources */,
				A10000000005 /* StatCard.swift in Sources */,
				A10000000006 /* TokenUsageChart.swift in Sources */,
				A10000000007 /* CostChart.swift in Sources */,
				A10000000008 /* EventsChart.swift in Sources */,
				L10000000001 /* Localization.swift in Sources */,
				G10000000001 /* DashboardConfig.swift in Sources */,
				G10000000002 /* DashboardConfigStore.swift in Sources */,
				G10000000003 /* PanelDataExtractor.swift in Sources */,
				G10000000004 /* DashboardGridLayout.swift in Sources */,
				G10000000005 /* CustomDashboardView.swift in Sources */,
				G10000000006 /* PanelContainerView.swift in Sources */,
				G10000000007 /* StatPanelView.swift in Sources */,
				G10000000025 /* TimeSeriesChartView.swift in Sources */,
				G10000000027 /* PieChartView.swift in Sources */,
				G10000000026 /* TimeRangePickerPopover.swift in Sources */,
				G10000000008 /* DashboardEditOverlay.swift in Sources */,
				G10000000009 /* PanelDragModifier.swift in Sources */,
				G10000000010 /* PanelResizeHandle.swift in Sources */,
				G10000000011 /* AddPanelPopover.swift in Sources */,
				G10000000012 /* PanelEditorView.swift in Sources */,
				G10000000013 /* DashboardExtensions.swift in Sources */,
				G10000000014 /* DashboardVersionStore.swift in Sources */,
				G10000000015 /* AnnotationStore.swift in Sources */,
				G10000000016 /* AlertManager.swift in Sources */,
				G10000000017 /* PlaylistManager.swift in Sources */,
				G10000000018 /* DashboardSettingsSheet.swift in Sources */,
				G10000000019 /* VersionHistorySheet.swift in Sources */,
				G10000000020 /* AnnotationListSheet.swift in Sources */,
				G10000000021 /* ExploreView.swift in Sources */,
				G10000000022 /* PlaylistView.swift in Sources */,
				G10000000023 /* AlertListView.swift in Sources */,
				G10000000024 /* DetailHeaderView.swift in Sources */,
			);
			runOnlyForDeploymentPostprocessing = 0;
		};
		4436AE9785ADAF1F65273172 /* Sources */ = {
			isa = PBXSourcesBuildPhase;
			buildActionMask = 2147483647;
			files = (
				B87610314D4693D729AF3D54 /* AnimationStateMapperTests.swift in Sources */,
				TA10000000001 /* TokenAggregatorLogicTests.swift in Sources */,
				4D1811384018CA0358835E59 /* ConnectionManagerTests.swift in Sources */,
				2FD39BD3817670D06BE68CEF /* ProviderRegistryTests.swift in Sources */,
				EBEAD3D481833720FA9F9E19 /* TokiEventStreamTests.swift in Sources */,
				5F3B5F27AEE2D7112D148565 /* TokiReportClientTests.swift in Sources */,
			);
			runOnlyForDeploymentPostprocessing = 0;
		};
/* End PBXSourcesBuildPhase section */

/* Begin PBXTargetDependency section */
		DB48529A02EFB67578DADBB1 /* PBXTargetDependency */ = {
			isa = PBXTargetDependency;
			target = 382E7144DDD36268AED875E1 /* TokiMonitor */;
			targetProxy = EF0BFE800443DC8357A03A8E /* PBXContainerItemProxy */;
		};
/* End PBXTargetDependency section */

/* Begin XCBuildConfiguration section */
		1A7B768D253356E2132B3168 /* Debug */ = {
			isa = XCBuildConfiguration;
			buildSettings = {
				BUNDLE_LOADER = "$(TEST_HOST)";
				COMBINE_HIDPI_IMAGES = YES;
				GENERATE_INFOPLIST_FILE = YES;
				LD_RUNPATH_SEARCH_PATHS = (
					"$(inherited)",
					"@executable_path/../Frameworks",
					"@loader_path/../Frameworks",
				);
				PRODUCT_BUNDLE_IDENTIFIER = com.toki.monitor.tests;
				SDKROOT = macosx;
				TEST_HOST = "$(BUILT_PRODUCTS_DIR)/TokiMonitor.app/Contents/MacOS/TokiMonitor";
			};
			name = Debug;
		};
		36350E4AC61BF6E895685363 /* Release */ = {
			isa = XCBuildConfiguration;
			buildSettings = {
				ALWAYS_SEARCH_USER_PATHS = NO;
				CLANG_ANALYZER_NONNULL = YES;
				CLANG_ANALYZER_NUMBER_OBJECT_CONVERSION = YES_AGGRESSIVE;
				CLANG_CXX_LANGUAGE_STANDARD = "gnu++14";
				CLANG_CXX_LIBRARY = "libc++";
				CLANG_ENABLE_MODULES = YES;
				CLANG_ENABLE_OBJC_ARC = YES;
				CLANG_ENABLE_OBJC_WEAK = YES;
				CLANG_WARN_BLOCK_CAPTURE_AUTORELEASING = YES;
				CLANG_WARN_BOOL_CONVERSION = YES;
				CLANG_WARN_COMMA = YES;
				CLANG_WARN_CONSTANT_CONVERSION = YES;
				CLANG_WARN_DEPRECATED_OBJC_IMPLEMENTATIONS = YES;
				CLANG_WARN_DIRECT_OBJC_ISA_USAGE = YES_ERROR;
				CLANG_WARN_DOCUMENTATION_COMMENTS = YES;
				CLANG_WARN_EMPTY_BODY = YES;
				CLANG_WARN_ENUM_CONVERSION = YES;
				CLANG_WARN_INFINITE_RECURSION = YES;
				CLANG_WARN_INT_CONVERSION = YES;
				CLANG_WARN_NON_LITERAL_NULL_CONVERSION = YES;
				CLANG_WARN_OBJC_IMPLICIT_RETAIN_SELF = YES;
				CLANG_WARN_OBJC_LITERAL_CONVERSION = YES;
				CLANG_WARN_OBJC_ROOT_CLASS = YES_ERROR;
				CLANG_WARN_QUOTED_INCLUDE_IN_FRAMEWORK_HEADER = YES;
				CLANG_WARN_RANGE_LOOP_ANALYSIS = YES;
				CLANG_WARN_STRICT_PROTOTYPES = YES;
				CLANG_WARN_SUSPICIOUS_MOVE = YES;
				CLANG_WARN_UNGUARDED_AVAILABILITY = YES_AGGRESSIVE;
				CLANG_WARN_UNREACHABLE_CODE = YES;
				CLANG_WARN__DUPLICATE_METHOD_MATCH = YES;
				COPY_PHASE_STRIP = NO;
				DEBUG_INFORMATION_FORMAT = "dwarf-with-dsym";
				ENABLE_NS_ASSERTIONS = NO;
				ENABLE_STRICT_OBJC_MSGSEND = YES;
				GCC_C_LANGUAGE_STANDARD = gnu11;
				GCC_NO_COMMON_BLOCKS = YES;
				GCC_WARN_64_TO_32_BIT_CONVERSION = YES;
				GCC_WARN_ABOUT_RETURN_TYPE = YES_ERROR;
				GCC_WARN_UNDECLARED_SELECTOR = YES;
				GCC_WARN_UNINITIALIZED_AUTOS = YES_AGGRESSIVE;
				GCC_WARN_UNUSED_FUNCTION = YES;
				GCC_WARN_UNUSED_VARIABLE = YES;
				GENERATE_INFOPLIST_FILE = NO;
				MACOSX_DEPLOYMENT_TARGET = 14.0;
				MTL_ENABLE_DEBUG_INFO = NO;
				MTL_FAST_MATH = YES;
				PRODUCT_NAME = "$(TARGET_NAME)";
				SDKROOT = macosx;
				SWIFT_COMPILATION_MODE = wholemodule;
				SWIFT_OPTIMIZATION_LEVEL = "-O";
				SWIFT_VERSION = 6.0;
			};
			name = Release;
		};
		8D520E5535B39755847494CE /* Release */ = {
			isa = XCBuildConfiguration;
			buildSettings = {
				ASSETCATALOG_COMPILER_APPICON_NAME = AppIcon;
				CODE_SIGN_STYLE = Automatic;
				COMBINE_HIDPI_IMAGES = YES;
				INFOPLIST_FILE = TokiMonitor/Info.plist;
				LD_RUNPATH_SEARCH_PATHS = (
					"$(inherited)",
					"@executable_path/../Frameworks",
				);
				PRODUCT_BUNDLE_IDENTIFIER = com.toki.monitor;
				PRODUCT_NAME = TokiMonitor;
				SDKROOT = macosx;
				SWIFT_STRICT_CONCURRENCY = complete;
			};
			name = Release;
		};
		9C93DD7F198A1A0755AE17DA /* Debug */ = {
			isa = XCBuildConfiguration;
			buildSettings = {
				ASSETCATALOG_COMPILER_APPICON_NAME = AppIcon;
				CODE_SIGN_STYLE = Automatic;
				COMBINE_HIDPI_IMAGES = YES;
				INFOPLIST_FILE = TokiMonitor/Info.plist;
				LD_RUNPATH_SEARCH_PATHS = (
					"$(inherited)",
					"@executable_path/../Frameworks",
				);
				PRODUCT_BUNDLE_IDENTIFIER = com.toki.monitor;
				PRODUCT_NAME = TokiMonitor;
				SDKROOT = macosx;
				SWIFT_STRICT_CONCURRENCY = complete;
			};
			name = Debug;
		};
		AC6BDE969145893CA440FF54 /* Release */ = {
			isa = XCBuildConfiguration;
			buildSettings = {
				BUNDLE_LOADER = "$(TEST_HOST)";
				COMBINE_HIDPI_IMAGES = YES;
				GENERATE_INFOPLIST_FILE = YES;
				LD_RUNPATH_SEARCH_PATHS = (
					"$(inherited)",
					"@executable_path/../Frameworks",
					"@loader_path/../Frameworks",
				);
				PRODUCT_BUNDLE_IDENTIFIER = com.toki.monitor.tests;
				SDKROOT = macosx;
				TEST_HOST = "$(BUILT_PRODUCTS_DIR)/TokiMonitor.app/Contents/MacOS/TokiMonitor";
			};
			name = Release;
		};
		DBEC7CFA4ECCAC79F2DCDCB1 /* Debug */ = {
			isa = XCBuildConfiguration;
			buildSettings = {
				ALWAYS_SEARCH_USER_PATHS = NO;
				CLANG_ANALYZER_NONNULL = YES;
				CLANG_ANALYZER_NUMBER_OBJECT_CONVERSION = YES_AGGRESSIVE;
				CLANG_CXX_LANGUAGE_STANDARD = "gnu++14";
				CLANG_CXX_LIBRARY = "libc++";
				CLANG_ENABLE_MODULES = YES;
				CLANG_ENABLE_OBJC_ARC = YES;
				CLANG_ENABLE_OBJC_WEAK = YES;
				CLANG_WARN_BLOCK_CAPTURE_AUTORELEASING = YES;
				CLANG_WARN_BOOL_CONVERSION = YES;
				CLANG_WARN_COMMA = YES;
				CLANG_WARN_CONSTANT_CONVERSION = YES;
				CLANG_WARN_DEPRECATED_OBJC_IMPLEMENTATIONS = YES;
				CLANG_WARN_DIRECT_OBJC_ISA_USAGE = YES_ERROR;
				CLANG_WARN_DOCUMENTATION_COMMENTS = YES;
				CLANG_WARN_EMPTY_BODY = YES;
				CLANG_WARN_ENUM_CONVERSION = YES;
				CLANG_WARN_INFINITE_RECURSION = YES;
				CLANG_WARN_INT_CONVERSION = YES;
				CLANG_WARN_NON_LITERAL_NULL_CONVERSION = YES;
				CLANG_WARN_OBJC_IMPLICIT_RETAIN_SELF = YES;
				CLANG_WARN_OBJC_LITERAL_CONVERSION = YES;
				CLANG_WARN_OBJC_ROOT_CLASS = YES_ERROR;
				CLANG_WARN_QUOTED_INCLUDE_IN_FRAMEWORK_HEADER = YES;
				CLANG_WARN_RANGE_LOOP_ANALYSIS = YES;
				CLANG_WARN_STRICT_PROTOTYPES = YES;
				CLANG_WARN_SUSPICIOUS_MOVE = YES;
				CLANG_WARN_UNGUARDED_AVAILABILITY = YES_AGGRESSIVE;
				CLANG_WARN_UNREACHABLE_CODE = YES;
				CLANG_WARN__DUPLICATE_METHOD_MATCH = YES;
				COPY_PHASE_STRIP = NO;
				DEBUG_INFORMATION_FORMAT = dwarf;
				ENABLE_STRICT_OBJC_MSGSEND = YES;
				ENABLE_TESTABILITY = YES;
				GCC_C_LANGUAGE_STANDARD = gnu11;
				GCC_DYNAMIC_NO_PIC = NO;
				GCC_NO_COMMON_BLOCKS = YES;
				GCC_OPTIMIZATION_LEVEL = 0;
				GCC_PREPROCESSOR_DEFINITIONS = (
					"$(inherited)",
					"DEBUG=1",
				);
				GCC_WARN_64_TO_32_BIT_CONVERSION = YES;
				GCC_WARN_ABOUT_RETURN_TYPE = YES_ERROR;
				GCC_WARN_UNDECLARED_SELECTOR = YES;
				GCC_WARN_UNINITIALIZED_AUTOS = YES_AGGRESSIVE;
				GCC_WARN_UNUSED_FUNCTION = YES;
				GCC_WARN_UNUSED_VARIABLE = YES;
				GENERATE_INFOPLIST_FILE = NO;
				MACOSX_DEPLOYMENT_TARGET = 14.0;
				MTL_ENABLE_DEBUG_INFO = INCLUDE_SOURCE;
				MTL_FAST_MATH = YES;
				ONLY_ACTIVE_ARCH = YES;
				PRODUCT_NAME = "$(TARGET_NAME)";
				SDKROOT = macosx;
				SWIFT_ACTIVE_COMPILATION_CONDITIONS = DEBUG;
				SWIFT_OPTIMIZATION_LEVEL = "-Onone";
				SWIFT_VERSION = 6.0;
			};
			name = Debug;
		};
/* End XCBuildConfiguration section */

/* Begin XCConfigurationList section */
		26457A6BC80AEBC1F67B7769 /* Build configuration list for PBXNativeTarget "TokiMonitorTests" */ = {
			isa = XCConfigurationList;
			buildConfigurations = (
				1A7B768D253356E2132B3168 /* Debug */,
				AC6BDE969145893CA440FF54 /* Release */,
			);
			defaultConfigurationIsVisible = 0;
			defaultConfigurationName = Debug;
		};
		81722841073149674A6D8D38 /* Build configuration list for PBXProject "TokiMonitor" */ = {
			isa = XCConfigurationList;
			buildConfigurations = (
				DBEC7CFA4ECCAC79F2DCDCB1 /* Debug */,
				36350E4AC61BF6E895685363 /* Release */,
			);
			defaultConfigurationIsVisible = 0;
			defaultConfigurationName = Debug;
		};
		B3E3E2A1958800BF4DA8455C /* Build configuration list for PBXNativeTarget "TokiMonitor" */ = {
			isa = XCConfigurationList;
			buildConfigurations = (
				9C93DD7F198A1A0755AE17DA /* Debug */,
				8D520E5535B39755847494CE /* Release */,
			);
			defaultConfigurationIsVisible = 0;
			defaultConfigurationName = Debug;
		};
/* End XCConfigurationList section */
	};
	rootObject = 99C9A14C257517FE3B9C41BB /* Project object */;
}
